
Microsoft Visual Studio Solution File, Format Version 12.00
# Visual Studio Version 17
VisualStudioVersion = 17.9.34902.65
MinimumVisualStudioVersion = 10.0.40219.1
Project("{9A19103F-16F7-4668-BE54-9A1E7A4F7556}") = "NearCarPark", "NearCarPark\NearCarPark.csproj", "{8DDF40BE-FE17-4587-AF03-8EE475A8403F}"
EndProject
Project("{9A19103F-16F7-4668-BE54-9A1E7A4F7556}") = "CarPark.DatabaseContext", "CPDbContext\CarPark.DatabaseContext.csproj", "{D9BFDC6E-90B4-4B86-A949-0AB0D6CD4E1E}"
EndProject
Project("{9A19103F-16F7-4668-BE54-9A1E7A4F7556}") = "CarPark.Crawler", "Crawler\CarPark.Crawler.csproj", "{9FA6634D-B401-4800-9FDB-91AF0C32D71C}"
EndProject
Project("{9A19103F-16F7-4668-BE54-9A1E7A4F7556}") = "CarPark.DataModel", "DataModel\CarPark.DataModel.csproj", "{A5A63E18-B082-4112-98CA-F8588FFB85B2}"
EndProject
Project("{9A19103F-16F7-4668-BE54-9A1E7A4F7556}") = "CarPark.DbWorker", "DbWorker\CarPark.DbWorker.csproj", "{A8151CB0-27E6-4D2E-BEA2-35C0CB5DAF76}"
EndProject
Project("{9A19103F-16F7-4668-BE54-9A1E7A4F7556}") = "CarPark.Services", "CarPark.Services\CarPark.Services.csproj", "{CD86BD59-372F-4268-9D43-438F10C78F18}"
EndProject
Project("{9A19103F-16F7-4668-BE54-9A1E7A4F7556}") = "CarParkWebAPI", "CarParkAnalystWebAPI\CarParkWebAPI.csproj", "{044D17F1-47E2-4066-9D81-BCD7A90AF67F}"
EndProject
Global
	GlobalSection(SolutionConfigurationPlatforms) = preSolution
		Debug|Any CPU = Debug|Any CPU
		Release|Any CPU = Release|Any CPU
	EndGlobalSection
	GlobalSection(ProjectConfigurationPlatforms) = postSolution
		{8DDF40BE-FE17-4587-AF03-8EE475A8403F}.Debug|Any CPU.ActiveCfg = Debug|Any CPU
		{8DDF40BE-FE17-4587-AF03-8EE475A8403F}.Debug|Any CPU.Build.0 = Debug|Any CPU
		{8DDF40BE-FE17-4587-AF03-8EE475A8403F}.Release|Any CPU.ActiveCfg = Release|Any CPU
		{8DDF40BE-FE17-4587-AF03-8EE475A8403F}.Release|Any CPU.Build.0 = Release|Any CPU
		{D9BFDC6E-90B4-4B86-A949-0AB0D6CD4E1E}.Debug|Any CPU.ActiveCfg = Debug|Any CPU
		{D9BFDC6E-90B4-4B86-A949-0AB0D6CD4E1E}.Debug|Any CPU.Build.0 = Debug|Any CPU
		{D9BFDC6E-90B4-4B86-A949-0AB0D6CD4E1E}.Release|Any CPU.ActiveCfg = Release|Any CPU
		{D9BFDC6E-90B4-4B86-A949-0AB0D6CD4E1E}.Release|Any CPU.Build.0 = Release|Any CPU
		{9FA6634D-B401-4800-9FDB-91AF0C32D71C}.Debug|Any CPU.ActiveCfg = Debug|Any CPU
		{9FA6634D-B401-4800-9FDB-91AF0C32D71C}.Debug|Any CPU.Build.0 = Debug|Any CPU
		{9FA6634D-B401-4800-9FDB-91AF0C32D71C}.Release|Any CPU.ActiveCfg = Release|Any CPU
		{9FA6634D-B401-4800-9FDB-91AF0C32D71C}.Release|Any CPU.Build.0 = Release|Any CPU
		{A5A63E18-B082-4112-98CA-F8588FFB85B2}.Debug|Any CPU.ActiveCfg = Debug|Any CPU
		{A5A63E18-B082-4112-98CA-F8588FFB85B2}.Debug|Any CPU.Build.0 = Debug|Any CPU
		{A5A63E18-B082-4112-98CA-F8588FFB85B2}.Release|Any CPU.ActiveCfg = Release|Any CPU
		{A5A63E18-B082-4112-98CA-F8588FFB85B2}.Release|Any CPU.Build.0 = Release|Any CPU
		{A8151CB0-27E6-4D2E-BEA2-35C0CB5DAF76}.Debug|Any CPU.ActiveCfg = Debug|Any CPU
		{A8151CB0-27E6-4D2E-BEA2-35C0CB5DAF76}.Debug|Any CPU.Build.0 = Debug|Any CPU
		{A8151CB0-27E6-4D2E-BEA2-35C0CB5DAF76}.Release|Any CPU.ActiveCfg = Release|Any CPU
		{A8151CB0-27E6-4D2E-BEA2-35C0CB5DAF76}.Release|Any CPU.Build.0 = Release|Any CPU
		{CD86BD59-372F-4268-9D43-438F10C78F18}.Debug|Any CPU.ActiveCfg = Debug|Any CPU
		{CD86BD59-372F-4268-9D43-438F10C78F18}.Debug|Any CPU.Build.0 = Debug|Any CPU
		{CD86BD59-372F-4268-9D43-438F10C78F18}.Release|Any CPU.ActiveCfg = Release|Any CPU
		{CD86BD59-372F-4268-9D43-438F10C78F18}.Release|Any CPU.Build.0 = Release|Any CPU
		{044D17F1-47E2-4066-9D81-BCD7A90AF67F}.Debug|Any CPU.ActiveCfg = Debug|Any CPU
		{044D17F1-47E2-4066-9D81-BCD7A90AF67F}.Debug|Any CPU.Build.0 = Debug|Any CPU
		{044D17F1-47E2-4066-9D81-BCD7A90AF67F}.Release|Any CPU.ActiveCfg = Release|Any CPU
		{044D17F1-47E2-4066-9D81-BCD7A90AF67F}.Release|Any CPU.Build.0 = Release|Any CPU
	EndGlobalSection
	GlobalSection(SolutionProperties) = preSolution
		HideSolutionNode = FALSE
	EndGlobalSection
	GlobalSection(ExtensibilityGlobals) = postSolution
		SolutionGuid = {EBB576A0-EF27-4CDF-AE17-213910C704FE}
	EndGlobalSection
EndGlobal
